
Microsoft Visual Studio Solution File, Format Version 12.00
# Visual Studio Version 17
VisualStudioVersion = 17.0.31903.59
MinimumVisualStudioVersion = 10.0.40219.1
Project("{FAE04EC0-301F-11D3-BF4B-00C04F79EFBC}") = "RightSize", "RightSize\RightSize.csproj", "{94A48698-5451-4BA1-A869-DA738F7D7591}"
EndProject
Project("{FAE04EC0-301F-11D3-BF4B-00C04F79EFBC}") = "ChangeString", "ChangeString\ChangeString.csproj", "{2E2B498C-8A8F-417C-BEAA-309F05E032E6}"
EndProject
Project("{FAE04EC0-301F-11D3-BF4B-00C04F79EFBC}") = "ArrayMult", "ArrayMult\ArrayMult.csproj", "{D59F5C15-1BF3-49AA-A9EF-B1CD3C6A08C9}"
EndProject
Project("{FAE04EC0-301F-11D3-BF4B-00C04F79EFBC}") = "HeroPerks", "HeroPerks\HeroPerks.csproj", "{1B94BB4C-3F66-487C-83A8-52140320265C}"
EndProject
Project("{FAE04EC0-301F-11D3-BF4B-00C04F79EFBC}") = "PowTwoUntil", "PowTwoUntil\PowTwoUntil.csproj", "{EB50664C-3534-491D-A140-C422558B74FE}"
EndProject
Project("{FAE04EC0-301F-11D3-BF4B-00C04F79EFBC}") = "FamousQuotes", "FamousQuotes\FamousQuotes.csproj", "{3B0109C3-F767-4719-A2DB-FBAAABD59C99}"
EndProject
Global
	GlobalSection(SolutionConfigurationPlatforms) = preSolution
		Debug|Any CPU = Debug|Any CPU
		Release|Any CPU = Release|Any CPU
	EndGlobalSection
	GlobalSection(SolutionProperties) = preSolution
		HideSolutionNode = FALSE
	EndGlobalSection
	GlobalSection(ProjectConfigurationPlatforms) = postSolution
		{94A48698-5451-4BA1-A869-DA738F7D7591}.Debug|Any CPU.ActiveCfg = Debug|Any CPU
		{94A48698-5451-4BA1-A869-DA738F7D7591}.Debug|Any CPU.Build.0 = Debug|Any CPU
		{94A48698-5451-4BA1-A869-DA738F7D7591}.Release|Any CPU.ActiveCfg = Release|Any CPU
		{94A48698-5451-4BA1-A869-DA738F7D7591}.Release|Any CPU.Build.0 = Release|Any CPU
		{2E2B498C-8A8F-417C-BEAA-309F05E032E6}.Debug|Any CPU.ActiveCfg = Debug|Any CPU
		{2E2B498C-8A8F-417C-BEAA-309F05E032E6}.Debug|Any CPU.Build.0 = Debug|Any CPU
		{2E2B498C-8A8F-417C-BEAA-309F05E032E6}.Release|Any CPU.ActiveCfg = Release|Any CPU
		{2E2B498C-8A8F-417C-BEAA-309F05E032E6}.Release|Any CPU.Build.0 = Release|Any CPU
		{D59F5C15-1BF3-49AA-A9EF-B1CD3C6A08C9}.Debug|Any CPU.ActiveCfg = Debug|Any CPU
		{D59F5C15-1BF3-49AA-A9EF-B1CD3C6A08C9}.Debug|Any CPU.Build.0 = Debug|Any CPU
		{D59F5C15-1BF3-49AA-A9EF-B1CD3C6A08C9}.Release|Any CPU.ActiveCfg = Release|Any CPU
		{D59F5C15-1BF3-49AA-A9EF-B1CD3C6A08C9}.Release|Any CPU.Build.0 = Release|Any CPU
		{1B94BB4C-3F66-487C-83A8-52140320265C}.Debug|Any CPU.ActiveCfg = Debug|Any CPU
		{1B94BB4C-3F66-487C-83A8-52140320265C}.Debug|Any CPU.Build.0 = Debug|Any CPU
		{1B94BB4C-3F66-487C-83A8-52140320265C}.Release|Any CPU.ActiveCfg = Release|Any CPU
		{1B94BB4C-3F66-487C-83A8-52140320265C}.Release|Any CPU.Build.0 = Release|Any CPU
		{EB50664C-3534-491D-A140-C422558B74FE}.Debug|Any CPU.ActiveCfg = Debug|Any CPU
		{EB50664C-3534-491D-A140-C422558B74FE}.Debug|Any CPU.Build.0 = Debug|Any CPU
		{EB50664C-3534-491D-A140-C422558B74FE}.Release|Any CPU.ActiveCfg = Release|Any CPU
		{EB50664C-3534-491D-A140-C422558B74FE}.Release|Any CPU.Build.0 = Release|Any CPU
		{3B0109C3-F767-4719-A2DB-FBAAABD59C99}.Debug|Any CPU.ActiveCfg = Debug|Any CPU
		{3B0109C3-F767-4719-A2DB-FBAAABD59C99}.Debug|Any CPU.Build.0 = Debug|Any CPU
		{3B0109C3-F767-4719-A2DB-FBAAABD59C99}.Release|Any CPU.ActiveCfg = Release|Any CPU
		{3B0109C3-F767-4719-A2DB-FBAAABD59C99}.Release|Any CPU.Build.0 = Release|Any CPU
	EndGlobalSection
EndGlobal
